
Microsoft Visual Studio Solution File, Format Version 12.00
# Visual Studio Version 17
VisualStudioVersion = 17.13.36105.23 d17.13
MinimumVisualStudioVersion = 10.0.40219.1
Project("{FAE04EC0-301F-11D3-BF4B-00C04F79EFBC}") = "TerminalChatV1", "TerminalChatV1\TerminalChatV1.csproj", "{25DC1291-AD25-4E20-BD9E-E554E204F7D2}"
EndProject
Global
	GlobalSection(SolutionConfigurationPlatforms) = preSolution
		Debug|Any CPU = Debug|Any CPU
		Release|Any CPU = Release|Any CPU
	EndGlobalSection
	GlobalSection(ProjectConfigurationPlatforms) = postSolution
		{25DC1291-AD25-4E20-BD9E-E554E204F7D2}.Debug|Any CPU.ActiveCfg = Debug|Any CPU
		{25DC1291-AD25-4E20-BD9E-E554E204F7D2}.Debug|Any CPU.Build.0 = Debug|Any CPU
		{25DC1291-AD25-4E20-BD9E-E554E204F7D2}.Release|Any CPU.ActiveCfg = Release|Any CPU
		{25DC1291-AD25-4E20-BD9E-E554E204F7D2}.Release|Any CPU.Build.0 = Release|Any CPU
	EndGlobalSection
	GlobalSection(SolutionProperties) = preSolution
		HideSolutionNode = FALSE
	EndGlobalSection
	GlobalSection(ExtensibilityGlobals) = postSolution
		SolutionGuid = {D29A2485-135D-41DB-AEF3-4CD40B8A3BD8}
	EndGlobalSection
EndGlobal
